// !$*UTF8*$!
{
	archiveVersion = 1;
	classes = {
	};
	objectVersion = 50;
	objects = {

/* Begin PBXBuildFile section */
		20FC17FF2668923B0079D4F5 /* AppDelegate.swift in Sources */ = {isa = PBXBuildFile; fileRef = 20FC17FE2668923B0079D4F5 /* AppDelegate.swift */; };
		20FC18012668923B0079D4F5 /* SceneDelegate.swift in Sources */ = {isa = PBXBuildFile; fileRef = 20FC18002668923B0079D4F5 /* SceneDelegate.swift */; };
		20FC18062668923B0079D4F5 /* Main.storyboard in Resources */ = {isa = PBXBuildFile; fileRef = 20FC18042668923B0079D4F5 /* Main.storyboard */; };
		20FC18082668923C0079D4F5 /* Assets.xcassets in Resources */ = {isa = PBXBuildFile; fileRef = 20FC18072668923C0079D4F5 /* Assets.xcassets */; };
		20FC180B2668923C0079D4F5 /* LaunchScreen.storyboard in Resources */ = {isa = PBXBuildFile; fileRef = 20FC18092668923C0079D4F5 /* LaunchScreen.storyboard */; };
		20FC18152668AE160079D4F5 /* Constants.swift in Sources */ = {isa = PBXBuildFile; fileRef = 20FC18142668AE160079D4F5 /* Constants.swift */; };
		20FC181A2668D9BB0079D4F5 /* SettingSliderCell.swift in Sources */ = {isa = PBXBuildFile; fileRef = 20FC18182668D9BB0079D4F5 /* SettingSliderCell.swift */; };
		20FC181B2668D9BB0079D4F5 /* SettingSliderCell.xib in Resources */ = {isa = PBXBuildFile; fileRef = 20FC18192668D9BB0079D4F5 /* SettingSliderCell.xib */; };
		20FC18202668E0940079D4F5 /* SettingStepperCell.swift in Sources */ = {isa = PBXBuildFile; fileRef = 20FC181E2668E0940079D4F5 /* SettingStepperCell.swift */; };
		20FC18212668E0940079D4F5 /* SettingStepperCell.xib in Resources */ = {isa = PBXBuildFile; fileRef = 20FC181F2668E0940079D4F5 /* SettingStepperCell.xib */; };
		20FC18252668E6990079D4F5 /* SettingSwitchCell.swift in Sources */ = {isa = PBXBuildFile; fileRef = 20FC18232668E6990079D4F5 /* SettingSwitchCell.swift */; };
		20FC18262668E6990079D4F5 /* SettingSwitchCell.xib in Resources */ = {isa = PBXBuildFile; fileRef = 20FC18242668E6990079D4F5 /* SettingSwitchCell.xib */; };
		20FC182A2668E8AB0079D4F5 /* SettingTextFieldCell.swift in Sources */ = {isa = PBXBuildFile; fileRef = 20FC18282668E8AB0079D4F5 /* SettingTextFieldCell.swift */; };
		20FC182B2668E8AB0079D4F5 /* SettingTextFieldCell.xib in Resources */ = {isa = PBXBuildFile; fileRef = 20FC18292668E8AB0079D4F5 /* SettingTextFieldCell.xib */; };
		20FC182F2668E9220079D4F5 /* SettingCompositeCell.swift in Sources */ = {isa = PBXBuildFile; fileRef = 20FC182D2668E9220079D4F5 /* SettingCompositeCell.swift */; };
		20FC18302668E9220079D4F5 /* SettingCompositeCell.xib in Resources */ = {isa = PBXBuildFile; fileRef = 20FC182E2668E9220079D4F5 /* SettingCompositeCell.xib */; };
		20FC1834266908710079D4F5 /* SettingItem.swift in Sources */ = {isa = PBXBuildFile; fileRef = 20FC1833266908710079D4F5 /* SettingItem.swift */; };
		20FC183B266946DC0079D4F5 /* TuneViewController.swift in Sources */ = {isa = PBXBuildFile; fileRef = 20FC183A266946DC0079D4F5 /* TuneViewController.swift */; };
		20FC183D266A0D700079D4F5 /* SettingsUtils.swift in Sources */ = {isa = PBXBuildFile; fileRef = 20FC183C266A0D700079D4F5 /* SettingsUtils.swift */; };
		20FC1840266A12850079D4F5 /* DiseaseModel.swift in Sources */ = {isa = PBXBuildFile; fileRef = 20FC183F266A12850079D4F5 /* DiseaseModel.swift */; };
		20FC1844266A59820079D4F5 /* FooterButtonProvider.swift in Sources */ = {isa = PBXBuildFile; fileRef = 20FC1843266A59820079D4F5 /* FooterButtonProvider.swift */; };
		20FC1846266A69B60079D4F5 /* ModelingViewController.swift in Sources */ = {isa = PBXBuildFile; fileRef = 20FC1845266A69B60079D4F5 /* ModelingViewController.swift */; };
		20FC1848266A7E9A0079D4F5 /* UIButtonCustom.swift in Sources */ = {isa = PBXBuildFile; fileRef = 20FC1847266A7E9A0079D4F5 /* UIButtonCustom.swift */; };
		20FC184E266A995C0079D4F5 /* UIColorAdjustable.swift in Sources */ = {isa = PBXBuildFile; fileRef = 20FC184D266A995C0079D4F5 /* UIColorAdjustable.swift */; };
		20FC1850266C8C160079D4F5 /* UIGridLayout.swift in Sources */ = {isa = PBXBuildFile; fileRef = 20FC184F266C8C160079D4F5 /* UIGridLayout.swift */; };
/* End PBXBuildFile section */

/* Begin PBXFileReference section */
		20FC17FB2668923B0079D4F5 /* Diseasy.app */ = {isa = PBXFileReference; explicitFileType = wrapper.application; includeInIndex = 0; path = Diseasy.app; sourceTree = BUILT_PRODUCTS_DIR; };
		20FC17FE2668923B0079D4F5 /* AppDelegate.swift */ = {isa = PBXFileReference; lastKnownFileType = sourcecode.swift; path = AppDelegate.swift; sourceTree = "<group>"; };
		20FC18002668923B0079D4F5 /* SceneDelegate.swift */ = {isa = PBXFileReference; lastKnownFileType = sourcecode.swift; path = SceneDelegate.swift; sourceTree = "<group>"; };
		20FC18052668923B0079D4F5 /* Base */ = {isa = PBXFileReference; lastKnownFileType = file.storyboard; name = Base; path = Base.lproj/Main.storyboard; sourceTree = "<group>"; };
		20FC18072668923C0079D4F5 /* Assets.xcassets */ = {isa = PBXFileReference; lastKnownFileType = folder.assetcatalog; path = Assets.xcassets; sourceTree = "<group>"; };
		20FC180A2668923C0079D4F5 /* Base */ = {isa = PBXFileReference; lastKnownFileType = file.storyboard; name = Base; path = Base.lproj/LaunchScreen.storyboard; sourceTree = "<group>"; };
		20FC180C2668923C0079D4F5 /* Info.plist */ = {isa = PBXFileReference; lastKnownFileType = text.plist.xml; path = Info.plist; sourceTree = "<group>"; };
		20FC18142668AE160079D4F5 /* Constants.swift */ = {isa = PBXFileReference; lastKnownFileType = sourcecode.swift; path = Constants.swift; sourceTree = "<group>"; };
		20FC18182668D9BB0079D4F5 /* SettingSliderCell.swift */ = {isa = PBXFileReference; lastKnownFileType = sourcecode.swift; path = SettingSliderCell.swift; sourceTree = "<group>"; };
		20FC18192668D9BB0079D4F5 /* SettingSliderCell.xib */ = {isa = PBXFileReference; lastKnownFileType = file.xib; path = SettingSliderCell.xib; sourceTree = "<group>"; };
		20FC181E2668E0940079D4F5 /* SettingStepperCell.swift */ = {isa = PBXFileReference; lastKnownFileType = sourcecode.swift; path = SettingStepperCell.swift; sourceTree = "<group>"; };
		20FC181F2668E0940079D4F5 /* SettingStepperCell.xib */ = {isa = PBXFileReference; lastKnownFileType = file.xib; path = SettingStepperCell.xib; sourceTree = "<group>"; };
		20FC18232668E6990079D4F5 /* SettingSwitchCell.swift */ = {isa = PBXFileReference; lastKnownFileType = sourcecode.swift; path = SettingSwitchCell.swift; sourceTree = "<group>"; };
		20FC18242668E6990079D4F5 /* SettingSwitchCell.xib */ = {isa = PBXFileReference; lastKnownFileType = file.xib; path = SettingSwitchCell.xib; sourceTree = "<group>"; };
		20FC18282668E8AB0079D4F5 /* SettingTextFieldCell.swift */ = {isa = PBXFileReference; lastKnownFileType = sourcecode.swift; path = SettingTextFieldCell.swift; sourceTree = "<group>"; };
		20FC18292668E8AB0079D4F5 /* SettingTextFieldCell.xib */ = {isa = PBXFileReference; lastKnownFileType = file.xib; path = SettingTextFieldCell.xib; sourceTree = "<group>"; };
		20FC182D2668E9220079D4F5 /* SettingCompositeCell.swift */ = {isa = PBXFileReference; lastKnownFileType = sourcecode.swift; path = SettingCompositeCell.swift; sourceTree = "<group>"; };
		20FC182E2668E9220079D4F5 /* SettingCompositeCell.xib */ = {isa = PBXFileReference; lastKnownFileType = file.xib; path = SettingCompositeCell.xib; sourceTree = "<group>"; };
		20FC1833266908710079D4F5 /* SettingItem.swift */ = {isa = PBXFileReference; lastKnownFileType = sourcecode.swift; path = SettingItem.swift; sourceTree = "<group>"; };
		20FC183A266946DC0079D4F5 /* TuneViewController.swift */ = {isa = PBXFileReference; lastKnownFileType = sourcecode.swift; path = TuneViewController.swift; sourceTree = "<group>"; };
		20FC183C266A0D700079D4F5 /* SettingsUtils.swift */ = {isa = PBXFileReference; lastKnownFileType = sourcecode.swift; path = SettingsUtils.swift; sourceTree = "<group>"; };
		20FC183F266A12850079D4F5 /* DiseaseModel.swift */ = {isa = PBXFileReference; lastKnownFileType = sourcecode.swift; path = DiseaseModel.swift; sourceTree = "<group>"; };
		20FC1843266A59820079D4F5 /* FooterButtonProvider.swift */ = {isa = PBXFileReference; lastKnownFileType = sourcecode.swift; path = FooterButtonProvider.swift; sourceTree = "<group>"; };
		20FC1845266A69B60079D4F5 /* ModelingViewController.swift */ = {isa = PBXFileReference; lastKnownFileType = sourcecode.swift; path = ModelingViewController.swift; sourceTree = "<group>"; };
		20FC1847266A7E9A0079D4F5 /* UIButtonCustom.swift */ = {isa = PBXFileReference; lastKnownFileType = sourcecode.swift; path = UIButtonCustom.swift; sourceTree = "<group>"; };
		20FC184D266A995C0079D4F5 /* UIColorAdjustable.swift */ = {isa = PBXFileReference; lastKnownFileType = sourcecode.swift; path = UIColorAdjustable.swift; sourceTree = "<group>"; };
		20FC184F266C8C160079D4F5 /* UIGridLayout.swift */ = {isa = PBXFileReference; lastKnownFileType = sourcecode.swift; path = UIGridLayout.swift; sourceTree = "<group>"; };
/* End PBXFileReference section */

/* Begin PBXFrameworksBuildPhase section */
		20FC17F82668923B0079D4F5 /* Frameworks */ = {
			isa = PBXFrameworksBuildPhase;
			buildActionMask = 2147483647;
			files = (
			);
			runOnlyForDeploymentPostprocessing = 0;
		};
/* End PBXFrameworksBuildPhase section */

/* Begin PBXGroup section */
		20FC17F22668923B0079D4F5 = {
			isa = PBXGroup;
			children = (
				20FC17FD2668923B0079D4F5 /* Diseasy */,
				20FC17FC2668923B0079D4F5 /* Products */,
			);
			sourceTree = "<group>";
		};
		20FC17FC2668923B0079D4F5 /* Products */ = {
			isa = PBXGroup;
			children = (
				20FC17FB2668923B0079D4F5 /* Diseasy.app */,
			);
			name = Products;
			sourceTree = "<group>";
		};
		20FC17FD2668923B0079D4F5 /* Diseasy */ = {
			isa = PBXGroup;
			children = (
				20FC1851266C8C4A0079D4F5 /* UI Related */,
				20FC183E266A12640079D4F5 /* Models */,
				20FC18172668D8E40079D4F5 /* Views */,
				20FC1842266A1BA70079D4F5 /* Controllers */,
				20FC1841266A1B950079D4F5 /* Utils */,
				20FC1835266912AA0079D4F5 /* Protocols */,
				20FC18072668923C0079D4F5 /* Assets.xcassets */,
				20FC17FE2668923B0079D4F5 /* AppDelegate.swift */,
				20FC18002668923B0079D4F5 /* SceneDelegate.swift */,
				20FC18042668923B0079D4F5 /* Main.storyboard */,
				20FC18092668923C0079D4F5 /* LaunchScreen.storyboard */,
				20FC180C2668923C0079D4F5 /* Info.plist */,
				20FC18142668AE160079D4F5 /* Constants.swift */,
			);
			path = Diseasy;
			sourceTree = "<group>";
		};
		20FC18172668D8E40079D4F5 /* Views */ = {
			isa = PBXGroup;
			children = (
				20FC1843266A59820079D4F5 /* FooterButtonProvider.swift */,
				20FC1847266A7E9A0079D4F5 /* UIButtonCustom.swift */,
				20FC182C2668E8D90079D4F5 /* SettingCompositeCell */,
				20FC18272668E88C0079D4F5 /* SettingTextFieldCell */,
				20FC18222668E67D0079D4F5 /* SettingSwitchCell */,
				20FC181D2668E0710079D4F5 /* SettingStepperCell */,
				20FC181C2668E04C0079D4F5 /* SettingSliderCell */,
			);
			path = Views;
			sourceTree = "<group>";
		};
		20FC181C2668E04C0079D4F5 /* SettingSliderCell */ = {
			isa = PBXGroup;
			children = (
				20FC18182668D9BB0079D4F5 /* SettingSliderCell.swift */,
				20FC18192668D9BB0079D4F5 /* SettingSliderCell.xib */,
			);
			path = SettingSliderCell;
			sourceTree = "<group>";
		};
		20FC181D2668E0710079D4F5 /* SettingStepperCell */ = {
			isa = PBXGroup;
			children = (
				20FC181E2668E0940079D4F5 /* SettingStepperCell.swift */,
				20FC181F2668E0940079D4F5 /* SettingStepperCell.xib */,
			);
			path = SettingStepperCell;
			sourceTree = "<group>";
		};
		20FC18222668E67D0079D4F5 /* SettingSwitchCell */ = {
			isa = PBXGroup;
			children = (
				20FC18232668E6990079D4F5 /* SettingSwitchCell.swift */,
				20FC18242668E6990079D4F5 /* SettingSwitchCell.xib */,
			);
			path = SettingSwitchCell;
			sourceTree = "<group>";
		};
		20FC18272668E88C0079D4F5 /* SettingTextFieldCell */ = {
			isa = PBXGroup;
			children = (
				20FC18282668E8AB0079D4F5 /* SettingTextFieldCell.swift */,
				20FC18292668E8AB0079D4F5 /* SettingTextFieldCell.xib */,
			);
			path = SettingTextFieldCell;
			sourceTree = "<group>";
		};
		20FC182C2668E8D90079D4F5 /* SettingCompositeCell */ = {
			isa = PBXGroup;
			children = (
				20FC182D2668E9220079D4F5 /* SettingCompositeCell.swift */,
				20FC182E2668E9220079D4F5 /* SettingCompositeCell.xib */,
			);
			path = SettingCompositeCell;
			sourceTree = "<group>";
		};
		20FC1835266912AA0079D4F5 /* Protocols */ = {
			isa = PBXGroup;
			children = (
			);
			path = Protocols;
			sourceTree = "<group>";
		};
		20FC183E266A12640079D4F5 /* Models */ = {
			isa = PBXGroup;
			children = (
				20FC183F266A12850079D4F5 /* DiseaseModel.swift */,
			);
			path = Models;
			sourceTree = "<group>";
		};
		20FC1841266A1B950079D4F5 /* Utils */ = {
			isa = PBXGroup;
			children = (
				20FC1833266908710079D4F5 /* SettingItem.swift */,
				20FC183C266A0D700079D4F5 /* SettingsUtils.swift */,
			);
			path = Utils;
			sourceTree = "<group>";
		};
		20FC1842266A1BA70079D4F5 /* Controllers */ = {
			isa = PBXGroup;
			children = (
				20FC183A266946DC0079D4F5 /* TuneViewController.swift */,
				20FC1845266A69B60079D4F5 /* ModelingViewController.swift */,
			);
			path = Controllers;
			sourceTree = "<group>";
		};
		20FC1851266C8C4A0079D4F5 /* UI Related */ = {
			isa = PBXGroup;
			children = (
				20FC184F266C8C160079D4F5 /* UIGridLayout.swift */,
				20FC184D266A995C0079D4F5 /* UIColorAdjustable.swift */,
			);
			path = "UI Related";
			sourceTree = "<group>";
		};
/* End PBXGroup section */

/* Begin PBXNativeTarget section */
		20FC17FA2668923B0079D4F5 /* Diseasy */ = {
			isa = PBXNativeTarget;
			buildConfigurationList = 20FC180F2668923C0079D4F5 /* Build configuration list for PBXNativeTarget "Diseasy" */;
			buildPhases = (
				20FC17F72668923B0079D4F5 /* Sources */,
				20FC17F82668923B0079D4F5 /* Frameworks */,
				20FC17F92668923B0079D4F5 /* Resources */,
			);
			buildRules = (
			);
			dependencies = (
			);
			name = Diseasy;
			productName = Diseasy;
			productReference = 20FC17FB2668923B0079D4F5 /* Diseasy.app */;
			productType = "com.apple.product-type.application";
		};
/* End PBXNativeTarget section */

/* Begin PBXProject section */
		20FC17F32668923B0079D4F5 /* Project object */ = {
			isa = PBXProject;
			attributes = {
				LastSwiftUpdateCheck = 1250;
				LastUpgradeCheck = 1250;
				TargetAttributes = {
					20FC17FA2668923B0079D4F5 = {
						CreatedOnToolsVersion = 12.5;
					};
				};
			};
			buildConfigurationList = 20FC17F62668923B0079D4F5 /* Build configuration list for PBXProject "Diseasy" */;
			compatibilityVersion = "Xcode 9.3";
			developmentRegion = en;
			hasScannedForEncodings = 0;
			knownRegions = (
				en,
				Base,
			);
			mainGroup = 20FC17F22668923B0079D4F5;
			productRefGroup = 20FC17FC2668923B0079D4F5 /* Products */;
			projectDirPath = "";
			projectRoot = "";
			targets = (
				20FC17FA2668923B0079D4F5 /* Diseasy */,
			);
		};
/* End PBXProject section */

/* Begin PBXResourcesBuildPhase section */
		20FC17F92668923B0079D4F5 /* Resources */ = {
			isa = PBXResourcesBuildPhase;
			buildActionMask = 2147483647;
			files = (
				20FC180B2668923C0079D4F5 /* LaunchScreen.storyboard in Resources */,
				20FC18212668E0940079D4F5 /* SettingStepperCell.xib in Resources */,
				20FC18302668E9220079D4F5 /* SettingCompositeCell.xib in Resources */,
				20FC18082668923C0079D4F5 /* Assets.xcassets in Resources */,
				20FC18062668923B0079D4F5 /* Main.storyboard in Resources */,
				20FC18262668E6990079D4F5 /* SettingSwitchCell.xib in Resources */,
				20FC182B2668E8AB0079D4F5 /* SettingTextFieldCell.xib in Resources */,
				20FC181B2668D9BB0079D4F5 /* SettingSliderCell.xib in Resources */,
			);
			runOnlyForDeploymentPostprocessing = 0;
		};
/* End PBXResourcesBuildPhase section */

/* Begin PBXSourcesBuildPhase section */
		20FC17F72668923B0079D4F5 /* Sources */ = {
			isa = PBXSourcesBuildPhase;
			buildActionMask = 2147483647;
			files = (
				20FC17FF2668923B0079D4F5 /* AppDelegate.swift in Sources */,
				20FC182F2668E9220079D4F5 /* SettingCompositeCell.swift in Sources */,
				20FC18012668923B0079D4F5 /* SceneDelegate.swift in Sources */,
				20FC1834266908710079D4F5 /* SettingItem.swift in Sources */,
				20FC1840266A12850079D4F5 /* DiseaseModel.swift in Sources */,
				20FC1846266A69B60079D4F5 /* ModelingViewController.swift in Sources */,
				20FC181A2668D9BB0079D4F5 /* SettingSliderCell.swift in Sources */,
				20FC1850266C8C160079D4F5 /* UIGridLayout.swift in Sources */,
				20FC183D266A0D700079D4F5 /* SettingsUtils.swift in Sources */,
				20FC183B266946DC0079D4F5 /* TuneViewController.swift in Sources */,
				20FC1844266A59820079D4F5 /* FooterButtonProvider.swift in Sources */,
				20FC182A2668E8AB0079D4F5 /* SettingTextFieldCell.swift in Sources */,
				20FC18252668E6990079D4F5 /* SettingSwitchCell.swift in Sources */,
				20FC18202668E0940079D4F5 /* SettingStepperCell.swift in Sources */,
				20FC184E266A995C0079D4F5 /* UIColorAdjustable.swift in Sources */,
				20FC18152668AE160079D4F5 /* Constants.swift in Sources */,
				20FC1848266A7E9A0079D4F5 /* UIButtonCustom.swift in Sources */,
			);
			runOnlyForDeploymentPostprocessing = 0;
		};
/* End PBXSourcesBuildPhase section */

/* Begin PBXVariantGroup section */
		20FC18042668923B0079D4F5 /* Main.storyboard */ = {
			isa = PBXVariantGroup;
			children = (
				20FC18052668923B0079D4F5 /* Base */,
			);
			name = Main.storyboard;
			sourceTree = "<group>";
		};
		20FC18092668923C0079D4F5 /* LaunchScreen.storyboard */ = {
			isa = PBXVariantGroup;
			children = (
				20FC180A2668923C0079D4F5 /* Base */,
			);
			name = LaunchScreen.storyboard;
			sourceTree = "<group>";
		};
/* End PBXVariantGroup section */

/* Begin XCBuildConfiguration section */
		20FC180D2668923C0079D4F5 /* Debug */ = {
			isa = XCBuildConfiguration;
			buildSettings = {
				ALWAYS_SEARCH_USER_PATHS = NO;
				CLANG_ANALYZER_NONNULL = YES;
				CLANG_ANALYZER_NUMBER_OBJECT_CONVERSION = YES_AGGRESSIVE;
				CLANG_CXX_LANGUAGE_STANDARD = "gnu++14";
				CLANG_CXX_LIBRARY = "libc++";
				CLANG_ENABLE_MODULES = YES;
				CLANG_ENABLE_OBJC_ARC = YES;
				CLANG_ENABLE_OBJC_WEAK = YES;
				CLANG_WARN_BLOCK_CAPTURE_AUTORELEASING = YES;
				CLANG_WARN_BOOL_CONVERSION = YES;
				CLANG_WARN_COMMA = YES;
				CLANG_WARN_CONSTANT_CONVERSION = YES;
				CLANG_WARN_DEPRECATED_OBJC_IMPLEMENTATIONS = YES;
				CLANG_WARN_DIRECT_OBJC_ISA_USAGE = YES_ERROR;
				CLANG_WARN_DOCUMENTATION_COMMENTS = YES;
				CLANG_WARN_EMPTY_BODY = YES;
				CLANG_WARN_ENUM_CONVERSION = YES;
				CLANG_WARN_INFINITE_RECURSION = YES;
				CLANG_WARN_INT_CONVERSION = YES;
				CLANG_WARN_NON_LITERAL_NULL_CONVERSION = YES;
				CLANG_WARN_OBJC_IMPLICIT_RETAIN_SELF = YES;
				CLANG_WARN_OBJC_LITERAL_CONVERSION = YES;
				CLANG_WARN_OBJC_ROOT_CLASS = YES_ERROR;
				CLANG_WARN_QUOTED_INCLUDE_IN_FRAMEWORK_HEADER = YES;
				CLANG_WARN_RANGE_LOOP_ANALYSIS = YES;
				CLANG_WARN_STRICT_PROTOTYPES = YES;
				CLANG_WARN_SUSPICIOUS_MOVE = YES;
				CLANG_WARN_UNGUARDED_AVAILABILITY = YES_AGGRESSIVE;
				CLANG_WARN_UNREACHABLE_CODE = YES;
				CLANG_WARN__DUPLICATE_METHOD_MATCH = YES;
				COPY_PHASE_STRIP = NO;
				DEBUG_INFORMATION_FORMAT = dwarf;
				ENABLE_STRICT_OBJC_MSGSEND = YES;
				ENABLE_TESTABILITY = YES;
				GCC_C_LANGUAGE_STANDARD = gnu11;
				GCC_DYNAMIC_NO_PIC = NO;
				GCC_NO_COMMON_BLOCKS = YES;
				GCC_OPTIMIZATION_LEVEL = 0;
				GCC_PREPROCESSOR_DEFINITIONS = (
					"DEBUG=1",
					"$(inherited)",
				);
				GCC_WARN_64_TO_32_BIT_CONVERSION = YES;
				GCC_WARN_ABOUT_RETURN_TYPE = YES_ERROR;
				GCC_WARN_UNDECLARED_SELECTOR = YES;
				GCC_WARN_UNINITIALIZED_AUTOS = YES_AGGRESSIVE;
				GCC_WARN_UNUSED_FUNCTION = YES;
				GCC_WARN_UNUSED_VARIABLE = YES;
				IPHONEOS_DEPLOYMENT_TARGET = 14.5;
				MTL_ENABLE_DEBUG_INFO = INCLUDE_SOURCE;
				MTL_FAST_MATH = YES;
				ONLY_ACTIVE_ARCH = YES;
				SDKROOT = iphoneos;
				SWIFT_ACTIVE_COMPILATION_CONDITIONS = DEBUG;
				SWIFT_OPTIMIZATION_LEVEL = "-Onone";
			};
			name = Debug;
		};
		20FC180E2668923C0079D4F5 /* Release */ = {
			isa = XCBuildConfiguration;
			buildSettings = {
				ALWAYS_SEARCH_USER_PATHS = NO;
				CLANG_ANALYZER_NONNULL = YES;
				CLANG_ANALYZER_NUMBER_OBJECT_CONVERSION = YES_AGGRESSIVE;
				CLANG_CXX_LANGUAGE_STANDARD = "gnu++14";
				CLANG_CXX_LIBRARY = "libc++";
				CLANG_ENABLE_MODULES = YES;
				CLANG_ENABLE_OBJC_ARC = YES;
				CLANG_ENABLE_OBJC_WEAK = YES;
				CLANG_WARN_BLOCK_CAPTURE_AUTORELEASING = YES;
				CLANG_WARN_BOOL_CONVERSION = YES;
				CLANG_WARN_COMMA = YES;
				CLANG_WARN_CONSTANT_CONVERSION = YES;
				CLANG_WARN_DEPRECATED_OBJC_IMPLEMENTATIONS = YES;
				CLANG_WARN_DIRECT_OBJC_ISA_USAGE = YES_ERROR;
				CLANG_WARN_DOCUMENTATION_COMMENTS = YES;
				CLANG_WARN_EMPTY_BODY = YES;
				CLANG_WARN_ENUM_CONVERSION = YES;
				CLANG_WARN_INFINITE_RECURSION = YES;
				CLANG_WARN_INT_CONVERSION = YES;
				CLANG_WARN_NON_LITERAL_NULL_CONVERSION = YES;
				CLANG_WARN_OBJC_IMPLICIT_RETAIN_SELF = YES;
				CLANG_WARN_OBJC_LITERAL_CONVERSION = YES;
				CLANG_WARN_OBJC_ROOT_CLASS = YES_ERROR;
				CLANG_WARN_QUOTED_INCLUDE_IN_FRAMEWORK_HEADER = YES;
				CLANG_WARN_RANGE_LOOP_ANALYSIS = YES;
				CLANG_WARN_STRICT_PROTOTYPES = YES;
				CLANG_WARN_SUSPICIOUS_MOVE = YES;
				CLANG_WARN_UNGUARDED_AVAILABILITY = YES_AGGRESSIVE;
				CLANG_WARN_UNREACHABLE_CODE = YES;
				CLANG_WARN__DUPLICATE_METHOD_MATCH = YES;
				COPY_PHASE_STRIP = NO;
				DEBUG_INFORMATION_FORMAT = "dwarf-with-dsym";
				ENABLE_NS_ASSERTIONS = NO;
				ENABLE_STRICT_OBJC_MSGSEND = YES;
				GCC_C_LANGUAGE_STANDARD = gnu11;
				GCC_NO_COMMON_BLOCKS = YES;
				GCC_WARN_64_TO_32_BIT_CONVERSION = YES;
				GCC_WARN_ABOUT_RETURN_TYPE = YES_ERROR;
				GCC_WARN_UNDECLARED_SELECTOR = YES;
				GCC_WARN_UNINITIALIZED_AUTOS = YES_AGGRESSIVE;
				GCC_WARN_UNUSED_FUNCTION = YES;
				GCC_WARN_UNUSED_VARIABLE = YES;
				IPHONEOS_DEPLOYMENT_TARGET = 14.5;
				MTL_ENABLE_DEBUG_INFO = NO;
				MTL_FAST_MATH = YES;
				SDKROOT = iphoneos;
				SWIFT_COMPILATION_MODE = wholemodule;
				SWIFT_OPTIMIZATION_LEVEL = "-O";
				VALIDATE_PRODUCT = YES;
			};
			name = Release;
		};
		20FC18102668923C0079D4F5 /* Debug */ = {
			isa = XCBuildConfiguration;
			buildSettings = {
				ASSETCATALOG_COMPILER_APPICON_NAME = AppIcon;
				ASSETCATALOG_COMPILER_GLOBAL_ACCENT_COLOR_NAME = AccentColor;
				CODE_SIGN_STYLE = Automatic;
				DEVELOPMENT_TEAM = PBWMNM25CU;
				INFOPLIST_FILE = Diseasy/Info.plist;
				IPHONEOS_DEPLOYMENT_TARGET = 12.3;
				LD_RUNPATH_SEARCH_PATHS = (
					"$(inherited)",
					"@executable_path/Frameworks",
				);
				PRODUCT_BUNDLE_IDENTIFIER = com.eremej.Diseasy;
				PRODUCT_NAME = "$(TARGET_NAME)";
				SWIFT_VERSION = 5.0;
				TARGETED_DEVICE_FAMILY = "1,2";
			};
			name = Debug;
		};
		20FC18112668923C0079D4F5 /* Release */ = {
			isa = XCBuildConfiguration;
			buildSettings = {
				ASSETCATALOG_COMPILER_APPICON_NAME = AppIcon;
				ASSETCATALOG_COMPILER_GLOBAL_ACCENT_COLOR_NAME = AccentColor;
				CODE_SIGN_STYLE = Automatic;
				DEVELOPMENT_TEAM = PBWMNM25CU;
				INFOPLIST_FILE = Diseasy/Info.plist;
				IPHONEOS_DEPLOYMENT_TARGET = 12.3;
				LD_RUNPATH_SEARCH_PATHS = (
					"$(inherited)",
					"@executable_path/Frameworks",
				);
				PRODUCT_BUNDLE_IDENTIFIER = com.eremej.Diseasy;
				PRODUCT_NAME = "$(TARGET_NAME)";
				SWIFT_VERSION = 5.0;
				TARGETED_DEVICE_FAMILY = "1,2";
			};
			name = Release;
		};
/* End XCBuildConfiguration section */

/* Begin XCConfigurationList section */
		20FC17F62668923B0079D4F5 /* Build configuration list for PBXProject "Diseasy" */ = {
			isa = XCConfigurationList;
			buildConfigurations = (
				20FC180D2668923C0079D4F5 /* Debug */,
				20FC180E2668923C0079D4F5 /* Release */,
			);
			defaultConfigurationIsVisible = 0;
			defaultConfigurationName = Release;
		};
		20FC180F2668923C0079D4F5 /* Build configuration list for PBXNativeTarget "Diseasy" */ = {
			isa = XCConfigurationList;
			buildConfigurations = (
				20FC18102668923C0079D4F5 /* Debug */,
				20FC18112668923C0079D4F5 /* Release */,
			);
			defaultConfigurationIsVisible = 0;
			defaultConfigurationName = Release;
		};
/* End XCConfigurationList section */
	};
	rootObject = 20FC17F32668923B0079D4F5 /* Project object */;
}
